PODS:
  - AFNetworking (2.6.3):
    - AFNetworking/NSURLConnection (= 2.6.3)
    - AFNetworking/NSURLSession (= 2.6.3)
    - AFNetworking/Reachability (= 2.6.3)
    - AFNetworking/Security (= 2.6.3)
    - AFNetworking/Serialization (= 2.6.3)
    - AFNetworking/UIKit (= 2.6.3)
  - AFNetworking/NSURLConnection (2.6.3):
    - AFNetworking/Reachability
    - AFNetworking/Security
    - AFNetworking/Serialization
  - AFNetworking/NSURLSession (2.6.3):
    - AFNetworking/Reachability
    - AFNetworking/Security
    - AFNetworking/Serialization
  - AFNetworking/Reachability (2.6.3)
  - AFNetworking/Security (2.6.3)
  - AFNetworking/Serialization (2.6.3)
  - AFNetworking/UIKit (2.6.3):
    - AFNetworking/NSURLConnection
    - AFNetworking/NSURLSession
  - AFOAuth2Manager (2.2.0):
    - AFNetworking/NSURLConnection (~> 2.2)
  - Bolts (1.8.4):
    - Bolts/AppLinks (= 1.8.4)
    - Bolts/Tasks (= 1.8.4)
  - Bolts/AppLinks (1.8.4):
    - Bolts/Tasks
  - Bolts/Tasks (1.8.4)
  - Branch (0.12.26):
    - Branch/Core (= 0.12.26)
    - Branch/without-IDFA (= 0.12.26)
  - Branch/Core (0.12.26)
  - Branch/without-IDFA (0.12.26)
  - CocoaLumberjack (2.4.0):
    - CocoaLumberjack/Default (= 2.4.0)
    - CocoaLumberjack/Extensions (= 2.4.0)
  - CocoaLumberjack/Core (2.4.0)
  - CocoaLumberjack/Default (2.4.0):
    - CocoaLumberjack/Core
  - CocoaLumberjack/Extensions (2.4.0):
    - CocoaLumberjack/Default
  - Crashlytics (3.8.3):
    - Fabric (~> 1.6.3)
  - Fabric (1.6.11)
  - FBSDKCoreKit (4.9.1):
    - Bolts (~> 1.5)
  - FBSDKLoginKit (4.9.1):
    - FBSDKCoreKit
  - FBSDKShareKit (4.9.1):
    - FBSDKCoreKit
  - FirebaseAnalytics (3.6.0):
    - FirebaseCore (~> 3.4)
    - FirebaseInstanceID (~> 1.0)
    - GoogleInterchangeUtilities (~> 1.2)
    - GoogleSymbolUtilities (~> 1.1)
    - GoogleToolboxForMac/NSData+zlib (~> 2.1)
  - FirebaseCore (3.4.7):
    - GoogleInterchangeUtilities (~> 1.2)
    - GoogleSymbolUtilities (~> 1.1)
    - GoogleToolboxForMac/NSData+zlib (~> 2.1)
  - FirebaseInstanceID (1.0.8)
  - Google/Core (3.0.3):
    - FirebaseAnalytics (~> 3.2)
  - Google/SignIn (3.0.3):
    - Google/Core
    - GoogleSignIn (~> 4.0)
  - GoogleAppUtilities (1.1.2):
    - GoogleSymbolUtilities (~> 1.1)
  - GoogleInterchangeUtilities (1.2.2):
    - GoogleSymbolUtilities (~> 1.1)
  - GoogleMaps (1.13.2)
  - GoogleSignIn (4.0.1):
    - GoogleAppUtilities (~> 1.1)
    - GoogleToolboxForMac/NSDictionary+URLArguments (~> 2.1)
    - GTMOAuth2 (~> 1.0)
    - GTMSessionFetcher/Core (~> 1.1)
  - GoogleSymbolUtilities (1.1.2)
  - GoogleToolboxForMac/DebugUtils (2.1.1):
    - GoogleToolboxForMac/Defines (= 2.1.1)
  - GoogleToolboxForMac/Defines (2.1.1)
  - GoogleToolboxForMac/NSData+zlib (2.1.1):
    - GoogleToolboxForMac/Defines (= 2.1.1)
  - GoogleToolboxForMac/NSDictionary+URLArguments (2.1.1):
    - GoogleToolboxForMac/DebugUtils (= 2.1.1)
    - GoogleToolboxForMac/Defines (= 2.1.1)
    - GoogleToolboxForMac/NSString+URLArguments (= 2.1.1)
  - GoogleToolboxForMac/NSString+URLArguments (2.1.1)
  - GTMOAuth2 (1.1.4):
    - GTMSessionFetcher (~> 1.1)
  - GTMSessionFetcher (1.1.8):
    - GTMSessionFetcher/Full (= 1.1.8)
  - GTMSessionFetcher/Core (1.1.8)
  - GTMSessionFetcher/Full (1.1.8):
    - GTMSessionFetcher/Core (= 1.1.8)
  - JVFloatLabeledTextField (1.1.1)
  - Kochava (20160209)
  - Mantle (2.1.0):
    - Mantle/extobjc (= 2.1.0)
  - Mantle/extobjc (2.1.0)
  - MBProgressHUD (0.9.2)
  - MGSwipeTableCell (1.5.6)
  - NewRelicAgent (5.10.0)
  - OCMock (3.4)
  - Overcoat (3.2.1):
    - Overcoat/NSURLConnection (= 3.2.1)
    - Overcoat/NSURLSession (= 3.2.1)
  - Overcoat/Core (3.2.1):
    - AFNetworking/Serialization
    - Mantle
  - Overcoat/NSURLConnection (3.2.1):
    - AFNetworking/NSURLConnection
    - Overcoat/Core
  - Overcoat/NSURLSession (3.2.1):
    - AFNetworking/NSURLSession
    - Overcoat/Core

DEPENDENCIES:
  - AFNetworking (~> 2.0)
  - AFOAuth2Manager (~> 2.2)
  - Branch
  - CocoaLumberjack (~> 2.2)
  - Crashlytics
  - Fabric
  - FBSDKCoreKit (~> 4.9.0)
  - FBSDKLoginKit (~> 4.9.0)
  - FBSDKShareKit (~> 4.9.0)
  - Google/SignIn
  - GoogleMaps (~> 1.13)
  - JVFloatLabeledTextField (~> 1.1)
  - Kochava (~> 20160209)
  - Mantle (~> 2.0)
  - MBProgressHUD (~> 0.9.2)
  - MGSwipeTableCell (~> 1.5)
  - NewRelicAgent (~> 5.3)
  - OCMock (~> 3.2)
  - Overcoat (~> 3.0)

SPEC CHECKSUMS:
  AFNetworking: cb8d14a848e831097108418f5d49217339d4eb60
  AFOAuth2Manager: 952eb62e8fd8022971e64c6e8fe28b9e999224af
  Bolts: 8a7995239dbe724f9cba2248b766d48b7ebdd322
  Branch: d23bf9c9073a5883e4d2172af066b298d4128807
  CocoaLumberjack: aa9dcab71bdf9eaf2a63bbd9ddc87863efe45457
  Crashlytics: 2b6dbe138a42395577cfa73dfa1aa7248cadf39e
  Fabric: 5911403591946b8228ab1c51d98f1d7137e863c6
  FBSDKCoreKit: aee20b6d9855f15b618d4fddd1a5ad45f5a4a59d
  FBSDKLoginKit: ec22dc49bd372b064e93d6773df4ffefb3a552a2
  FBSDKShareKit: b8c8ef0ed173f9fc1b3c8df384a0202ce53008d4
  FirebaseAnalytics: 9c67af0ebeb8d2146c9b4ea2616439affa947b58
  FirebaseCore: 46afaf2c2e0419ea7d3acfb08cf26a461a75fe85
  FirebaseInstanceID: ba1e640935235e5fac39dfa816fe7660e72e1a8a
  Google: 813c467362eabc11385f5a5cc9ad0cb651a58f4e
  GoogleAppUtilities: a8a552aa74f6597f805e45b5a3962766c3134973
  GoogleInterchangeUtilities: d5bc4d88d5b661ab72f9d70c58d02ca8c27ad1f7
  GoogleMaps: b20a103ff307f58392e603cf142e59d7e30374c1
  GoogleSignIn: a8694c0a8e6d1b0ec77c58014de5bfd4ba2fa766
  GoogleSymbolUtilities: 631ee17048aa5e9ab133470d768ea997a5ef9b96
  GoogleToolboxForMac: 8e329f1b599f2512c6b10676d45736bcc2cbbeb0
  GTMOAuth2: 7fc9c10f5c745f4d9850419ea88889fe3baa6b7d
  GTMSessionFetcher: 6f8d8b28b7e345549ac471071608170b31cb4977
  JVFloatLabeledTextField: 0e5524b097f102036214dd8279edc8ecf08b5e18
  Kochava: 888aea98ece6a134dbe0d9e61a86be124ab2621f
  Mantle: 2fa750afa478cd625a94230fbf1c13462f29395b
  MBProgressHUD: 1569cf7ace17a8bac47aabfbb8580a49690386d1
  MGSwipeTableCell: 616700eb0ffd1c611ba909066cb7fd739790a0a7
  NewRelicAgent: 7ec88dea6b66aec073bbb5913062724369bf6aff
  OCMock: 35ae71d6a8fcc1b59434d561d1520b9dd4f15765
  Overcoat: ce2bd0bfee6e300839cb244799c9e1e1aa70c06a

PODFILE CHECKSUM: eead9d3d31c780c027afbf2324d5c9e4d0c8cc93

COCOAPODS: 1.2.0
